{
  "name": "miliam",
  "version": "1.1.1",
  "dependencies": {
    "coffee-script": {
      "version": "1.4.0",
      "from": "https://registry.npmjs.org/coffee-script/-/coffee-script-1.4.0.tgz",
      "resolved": "https://registry.npmjs.org/coffee-script/-/coffee-script-1.4.0.tgz"
    },
    "date-utils": {
      "version": "1.2.12",
      "from": "https://registry.npmjs.org/date-utils/-/date-utils-1.2.12.tgz",
      "resolved": "https://registry.npmjs.org/date-utils/-/date-utils-1.2.12.tgz"
    },
    "express": {
      "version": "3.0.0-beta3",
      "from": "https://registry.npmjs.org/express/-/express-3.0.0beta3.tgz",
      "resolved": "https://registry.npmjs.org/express/-/express-3.0.0beta3.tgz",
      "dependencies": {
        "connect": {
          "version": "2.3.3",
          "from": "https://registry.npmjs.org/connect/-/connect-2.3.3.tgz",
          "resolved": "https://registry.npmjs.org/connect/-/connect-2.3.3.tgz",
          "dependencies": {
            "qs": {
              "version": "0.4.2",
              "from": "https://registry.npmjs.org/qs/-/qs-0.4.2.tgz",
              "resolved": "https://registry.npmjs.org/qs/-/qs-0.4.2.tgz"
            },
            "mime": {
              "version": "1.2.4",
              "from": "https://registry.npmjs.org/mime/-/mime-1.2.4.tgz",
              "resolved": "https://registry.npmjs.org/mime/-/mime-1.2.4.tgz"
            },
            "formidable": {
              "version": "1.0.11",
              "from": "https://registry.npmjs.org/formidable/-/formidable-1.0.11.tgz",
              "resolved": "https://registry.npmjs.org/formidable/-/formidable-1.0.11.tgz"
            },
            "bytes": {
              "version": "0.0.1",
              "from": "https://registry.npmjs.org/bytes/-/bytes-0.0.1.tgz",
              "resolved": "https://registry.npmjs.org/bytes/-/bytes-0.0.1.tgz"
            },
            "range-parser": {
              "version": "0.0.1",
              "from": "https://registry.npmjs.org/range-parser/-/range-parser-0.0.1.tgz",
              "resolved": "https://registry.npmjs.org/range-parser/-/range-parser-0.0.1.tgz"
            }
          }
        },
        "commander": {
          "version": "0.6.1",
          "from": "https://registry.npmjs.org/commander/-/commander-0.6.1.tgz",
          "resolved": "https://registry.npmjs.org/commander/-/commander-0.6.1.tgz"
        },
        "mkdirp": {
          "version": "0.3.2",
          "from": "https://registry.npmjs.org/mkdirp/-/mkdirp-0.3.2.tgz",
          "resolved": "https://registry.npmjs.org/mkdirp/-/mkdirp-0.3.2.tgz"
        },
        "cookie": {
          "version": "0.0.3",
          "from": "https://registry.npmjs.org/cookie/-/cookie-0.0.3.tgz",
          "resolved": "https://registry.npmjs.org/cookie/-/cookie-0.0.3.tgz"
        },
        "crc": {
          "version": "0.2.0",
          "from": "https://registry.npmjs.org/crc/-/crc-0.2.0.tgz",
          "resolved": "https://registry.npmjs.org/crc/-/crc-0.2.0.tgz"
        },
        "fresh": {
          "version": "0.0.1",
          "from": "https://registry.npmjs.org/fresh/-/fresh-0.0.1.tgz",
          "resolved": "https://registry.npmjs.org/fresh/-/fresh-0.0.1.tgz"
        },
        "debug": {
          "version": "0.7.0",
          "from": "https://registry.npmjs.org/debug/-/debug-0.7.0.tgz",
          "resolved": "https://registry.npmjs.org/debug/-/debug-0.7.0.tgz"
        }
      }
    },
    "jade": {
      "version": "0.26.3",
      "from": "https://registry.npmjs.org/jade/-/jade-0.26.3.tgz",
      "resolved": "https://registry.npmjs.org/jade/-/jade-0.26.3.tgz",
      "dependencies": {
        "commander": {
          "version": "0.6.1",
          "from": "https://registry.npmjs.org/commander/-/commander-0.6.1.tgz",
          "resolved": "https://registry.npmjs.org/commander/-/commander-0.6.1.tgz"
        },
        "mkdirp": {
          "version": "0.3.0",
          "from": "https://registry.npmjs.org/mkdirp/-/mkdirp-0.3.0.tgz",
          "resolved": "https://registry.npmjs.org/mkdirp/-/mkdirp-0.3.0.tgz"
        }
      }
    },
    "marked": {
      "version": "0.3.1",
      "from": "marked@0.3.1",
      "resolved": "https://registry.npmjs.org/marked/-/marked-0.3.1.tgz"
    },
    "mkdirp": {
      "version": "0.3.4",
      "from": "https://registry.npmjs.org/mkdirp/-/mkdirp-0.3.4.tgz",
      "resolved": "https://registry.npmjs.org/mkdirp/-/mkdirp-0.3.4.tgz"
    },
    "nconf": {
      "version": "0.6.5",
      "from": "https://registry.npmjs.org/nconf/-/nconf-0.6.5.tgz",
      "resolved": "https://registry.npmjs.org/nconf/-/nconf-0.6.5.tgz",
      "dependencies": {
        "async": {
          "version": "0.1.22",
          "from": "https://registry.npmjs.org/async/-/async-0.1.22.tgz",
          "resolved": "https://registry.npmjs.org/async/-/async-0.1.22.tgz"
        },
        "ini": {
          "version": "1.0.5",
          "from": "https://registry.npmjs.org/ini/-/ini-1.0.5.tgz",
          "resolved": "https://registry.npmjs.org/ini/-/ini-1.0.5.tgz"
        },
        "optimist": {
          "version": "0.3.5",
          "from": "optimist@0.3.5",
          "resolved": "https://registry.npmjs.org/optimist/-/optimist-0.3.5.tgz",
          "dependencies": {
            "wordwrap": {
              "version": "0.0.2",
              "from": "https://registry.npmjs.org/wordwrap/-/wordwrap-0.0.2.tgz",
              "resolved": "https://registry.npmjs.org/wordwrap/-/wordwrap-0.0.2.tgz"
            }
          }
        },
        "pkginfo": {
          "version": "0.2.3",
          "from": "https://registry.npmjs.org/pkginfo/-/pkginfo-0.2.3.tgz",
          "resolved": "https://registry.npmjs.org/pkginfo/-/pkginfo-0.2.3.tgz"
        }
      }
    },
    "nib": {
      "version": "0.5.0",
      "from": "https://registry.npmjs.org/nib/-/nib-0.5.0.tgz",
      "resolved": "https://registry.npmjs.org/nib/-/nib-0.5.0.tgz"
    },
    "q": {
      "version": "0.8.6",
      "from": "https://registry.npmjs.org/q/-/q-0.8.6.tgz",
      "resolved": "https://registry.npmjs.org/q/-/q-0.8.6.tgz"
    },
    "request": {
      "version": "2.11.4",
      "from": "https://registry.npmjs.org/request/-/request-2.11.4.tgz",
      "resolved": "https://registry.npmjs.org/request/-/request-2.11.4.tgz",
      "dependencies": {
        "form-data": {
          "version": "0.0.3",
          "from": "form-data",
          "dependencies": {
            "combined-stream": {
              "version": "0.0.3",
              "from": "combined-stream@0.0.3",
              "dependencies": {
                "delayed-stream": {
                  "version": "0.0.5",
                  "from": "delayed-stream@0.0.5"
                }
              }
            },
            "async": {
              "version": "0.1.9",
              "from": "async@0.1.9"
            }
          }
        },
        "mime": {
          "version": "1.2.7",
          "from": "mime"
        }
      }
    },
    "rss": {
      "version": "0.0.4",
      "from": "rss@0.0.4",
      "resolved": "https://registry.npmjs.org/rss/-/rss-0.0.4.tgz",
      "dependencies": {
        "xml": {
          "version": "1.0.0",
          "from": "xml@>=0.0.4",
          "resolved": "https://registry.npmjs.org/xml/-/xml-1.0.0.tgz"
        }
      }
    },
    "slug": {
      "version": "0.2.2",
      "from": "https://registry.npmjs.org/slug/-/slug-0.2.2.tgz",
      "resolved": "https://registry.npmjs.org/slug/-/slug-0.2.2.tgz",
      "dependencies": {
        "unicode": {
          "version": "0.4.3",
          "from": "https://registry.npmjs.org/unicode/-/unicode-0.4.3.tgz",
          "resolved": "https://registry.npmjs.org/unicode/-/unicode-0.4.3.tgz",
          "dependencies": {
            "bufferstream": {
              "version": "0.5.1",
              "from": "https://registry.npmjs.org/bufferstream/-/bufferstream-0.5.1.tgz",
              "resolved": "https://registry.npmjs.org/bufferstream/-/bufferstream-0.5.1.tgz",
              "dependencies": {
                "buffertools": {
                  "version": "1.1.0",
                  "from": "https://registry.npmjs.org/buffertools/-/buffertools-1.1.0.tgz",
                  "resolved": "https://registry.npmjs.org/buffertools/-/buffertools-1.1.0.tgz"
                }
              }
            }
          }
        }
      }
    },
    "sprintf": {
      "version": "0.1.1",
      "from": "https://registry.npmjs.org/sprintf/-/sprintf-0.1.1.tgz",
      "resolved": "https://registry.npmjs.org/sprintf/-/sprintf-0.1.1.tgz"
    },
    "stylus": {
      "version": "0.31.0",
      "from": "stylus@0.31.0",
      "resolved": "https://registry.npmjs.org/stylus/-/stylus-0.31.0.tgz",
      "dependencies": {
        "cssom": {
          "version": "0.2.5",
          "from": "cssom@>=0.2.0 <0.3.0",
          "resolved": "https://registry.npmjs.org/cssom/-/cssom-0.2.5.tgz"
        },
        "debug": {
          "version": "2.1.0",
          "from": "debug@*",
          "resolved": "https://registry.npmjs.org/debug/-/debug-2.1.0.tgz",
          "dependencies": {
            "ms": {
              "version": "0.6.2",
              "from": "ms@0.6.2",
              "resolved": "https://registry.npmjs.org/ms/-/ms-0.6.2.tgz"
            }
          }
        }
      }
    },
    "winston": {
      "version": "0.6.2",
      "from": "winston@0.6.2",
      "resolved": "https://registry.npmjs.org/winston/-/winston-0.6.2.tgz",
      "dependencies": {
        "async": {
          "version": "0.1.22",
          "from": "https://registry.npmjs.org/async/-/async-0.1.22.tgz",
          "resolved": "https://registry.npmjs.org/async/-/async-0.1.22.tgz"
        },
        "cycle": {
          "version": "1.0.1",
          "from": "https://registry.npmjs.org/cycle/-/cycle-1.0.1.tgz",
          "resolved": "https://registry.npmjs.org/cycle/-/cycle-1.0.1.tgz"
        },
        "eyes": {
          "version": "0.1.8",
          "from": "https://registry.npmjs.org/eyes/-/eyes-0.1.8.tgz",
          "resolved": "https://registry.npmjs.org/eyes/-/eyes-0.1.8.tgz"
        },
        "pkginfo": {
          "version": "0.2.3",
          "from": "https://registry.npmjs.org/pkginfo/-/pkginfo-0.2.3.tgz",
          "resolved": "https://registry.npmjs.org/pkginfo/-/pkginfo-0.2.3.tgz"
        },
        "request": {
          "version": "2.9.203",
          "from": "https://registry.npmjs.org/request/-/request-2.9.203.tgz",
          "resolved": "https://registry.npmjs.org/request/-/request-2.9.203.tgz"
        },
        "stack-trace": {
          "version": "0.0.6",
          "from": "https://registry.npmjs.org/stack-trace/-/stack-trace-0.0.6.tgz",
          "resolved": "https://registry.npmjs.org/stack-trace/-/stack-trace-0.0.6.tgz"
        }
      }
    }
  }
}
